
Microsoft Visual Studio Solution File, Format Version 12.00
# Visual Studio 15
VisualStudioVersion = 15.0.28307.960
MinimumVisualStudioVersion = 10.0.40219.1
Project("{9A19103F-16F7-4668-BE54-9A1E7A4F7556}") = "API", "API\API.csproj", "{CBD2A25D-6F4D-48A7-9851-A85CD0956A63}"
EndProject
Project("{9A19103F-16F7-4668-BE54-9A1E7A4F7556}") = "CLIENT", "CLIENT\CLIENT.csproj", "{76143AFB-311E-4EFF-8252-CCCD618FAEF1}"
EndProject
Project("{FAE04EC0-301F-11D3-BF4B-00C04F79EFBC}") = "NUnitAPI", "NUnitAPI\NUnitAPI.csproj", "{69025005-3366-4A84-9368-6085AF9FBA21}"
EndProject
Global
	GlobalSection(SolutionConfigurationPlatforms) = preSolution
		Debug|Any CPU = Debug|Any CPU
		Release|Any CPU = Release|Any CPU
	EndGlobalSection
	GlobalSection(ProjectConfigurationPlatforms) = postSolution
		{CBD2A25D-6F4D-48A7-9851-A85CD0956A63}.Debug|Any CPU.ActiveCfg = Debug|Any CPU
		{CBD2A25D-6F4D-48A7-9851-A85CD0956A63}.Debug|Any CPU.Build.0 = Debug|Any CPU
		{CBD2A25D-6F4D-48A7-9851-A85CD0956A63}.Release|Any CPU.ActiveCfg = Release|Any CPU
		{CBD2A25D-6F4D-48A7-9851-A85CD0956A63}.Release|Any CPU.Build.0 = Release|Any CPU
		{76143AFB-311E-4EFF-8252-CCCD618FAEF1}.Debug|Any CPU.ActiveCfg = Debug|Any CPU
		{76143AFB-311E-4EFF-8252-CCCD618FAEF1}.Debug|Any CPU.Build.0 = Debug|Any CPU
		{76143AFB-311E-4EFF-8252-CCCD618FAEF1}.Release|Any CPU.ActiveCfg = Release|Any CPU
		{76143AFB-311E-4EFF-8252-CCCD618FAEF1}.Release|Any CPU.Build.0 = Release|Any CPU
		{69025005-3366-4A84-9368-6085AF9FBA21}.Debug|Any CPU.ActiveCfg = Debug|Any CPU
		{69025005-3366-4A84-9368-6085AF9FBA21}.Debug|Any CPU.Build.0 = Debug|Any CPU
		{69025005-3366-4A84-9368-6085AF9FBA21}.Release|Any CPU.ActiveCfg = Release|Any CPU
		{69025005-3366-4A84-9368-6085AF9FBA21}.Release|Any CPU.Build.0 = Release|Any CPU
	EndGlobalSection
	GlobalSection(SolutionProperties) = preSolution
		HideSolutionNode = FALSE
	EndGlobalSection
	GlobalSection(ExtensibilityGlobals) = postSolution
		SolutionGuid = {ACCB3582-84E8-4AC4-A602-28664DF60425}
	EndGlobalSection
EndGlobal
